// !$*UTF8*$!
{
	archiveVersion = 1;
	classes = {
	};
	objectVersion = 46;
	objects = {

/* Begin PBXBuildFile section */
		7ABD590E1AB391FB00559448 /* main.m in Sources */ = {isa = PBXBuildFile; fileRef = 7ABD590D1AB391FB00559448 /* main.m */; };
		7ABD59111AB391FB00559448 /* AppDelegate.m in Sources */ = {isa = PBXBuildFile; fileRef = 7ABD59101AB391FB00559448 /* AppDelegate.m */; };
		7ABD59141AB391FB00559448 /* ViewController.m in Sources */ = {isa = PBXBuildFile; fileRef = 7ABD59131AB391FB00559448 /* ViewController.m */; };
		7ABD59171AB391FB00559448 /* Main.storyboard in Resources */ = {isa = PBXBuildFile; fileRef = 7ABD59151AB391FB00559448 /* Main.storyboard */; };
		7ABD59191AB391FB00559448 /* Images.xcassets in Resources */ = {isa = PBXBuildFile; fileRef = 7ABD59181AB391FB00559448 /* Images.xcassets */; };
		7ABD591C1AB391FB00559448 /* LaunchScreen.xib in Resources */ = {isa = PBXBuildFile; fileRef = 7ABD591A1AB391FB00559448 /* LaunchScreen.xib */; };
		7ABD59281AB391FB00559448 /* DMSpeedReadingLabelDemoTests.m in Sources */ = {isa = PBXBuildFile; fileRef = 7ABD59271AB391FB00559448 /* DMSpeedReadingLabelDemoTests.m */; };
		7ABD59331AB392BB00559448 /* DMSpeedReadingLabel.m in Sources */ = {isa = PBXBuildFile; fileRef = 7ABD59321AB392BB00559448 /* DMSpeedReadingLabel.m */; };
/* End PBXBuildFile section */

/* Begin PBXContainerItemProxy section */
		7ABD59221AB391FB00559448 /* PBXContainerItemProxy */ = {
			isa = PBXContainerItemProxy;
			containerPortal = 7ABD59001AB391FB00559448 /* Project object */;
			proxyType = 1;
			remoteGlobalIDString = 7ABD59071AB391FB00559448;
			remoteInfo = DMSpeedReadingLabelDemo;
		};
/* End PBXContainerItemProxy section */

/* Begin PBXFileReference section */
		7ABD59081AB391FB00559448 /* DMSpeedReadingLabelDemo.app */ = {isa = PBXFileReference; explicitFileType = wrapper.application; includeInIndex = 0; path = DMSpeedReadingLabelDemo.app; sourceTree = BUILT_PRODUCTS_DIR; };
		7ABD590C1AB391FB00559448 /* Info.plist */ = {isa = PBXFileReference; lastKnownFileType = text.plist.xml; path = Info.plist; sourceTree = "<group>"; };
		7ABD590D1AB391FB00559448 /* main.m */ = {isa = PBXFileReference; lastKnownFileType = sourcecode.c.objc; path = main.m; sourceTree = "<group>"; };
		7ABD590F1AB391FB00559448 /* AppDelegate.h */ = {isa = PBXFileReference; lastKnownFileType = sourcecode.c.h; path = AppDelegate.h; sourceTree = "<group>"; };
		7ABD59101AB391FB00559448 /* AppDelegate.m */ = {isa = PBXFileReference; lastKnownFileType = sourcecode.c.objc; path = AppDelegate.m; sourceTree = "<group>"; };
		7ABD59121AB391FB00559448 /* ViewController.h */ = {isa = PBXFileReference; lastKnownFileType = sourcecode.c.h; path = ViewController.h; sourceTree = "<group>"; };
		7ABD59131AB391FB00559448 /* ViewController.m */ = {isa = PBXFileReference; lastKnownFileType = sourcecode.c.objc; path = ViewController.m; sourceTree = "<group>"; };
		7ABD59161AB391FB00559448 /* Base */ = {isa = PBXFileReference; lastKnownFileType = file.storyboard; name = Base; path = Base.lproj/Main.storyboard; sourceTree = "<group>"; };
		7ABD59181AB391FB00559448 /* Images.xcassets */ = {isa = PBXFileReference; lastKnownFileType = folder.assetcatalog; path = Images.xcassets; sourceTree = "<group>"; };
		7ABD591B1AB391FB00559448 /* Base */ = {isa = PBXFileReference; lastKnownFileType = file.xib; name = Base; path = Base.lproj/LaunchScreen.xib; sourceTree = "<group>"; };
		7ABD59211AB391FB00559448 /* DMSpeedReadingLabelDemoTests.xctest */ = {isa = PBXFileReference; explicitFileType = wrapper.cfbundle; includeInIndex = 0; path = DMSpeedReadingLabelDemoTests.xctest; sourceTree = BUILT_PRODUCTS_DIR; };
		7ABD59261AB391FB00559448 /* Info.plist */ = {isa = PBXFileReference; lastKnownFileType = text.plist.xml; path = Info.plist; sourceTree = "<group>"; };
		7ABD59271AB391FB00559448 /* DMSpeedReadingLabelDemoTests.m */ = {isa = PBXFileReference; lastKnownFileType = sourcecode.c.objc; path = DMSpeedReadingLabelDemoTests.m; sourceTree = "<group>"; };
		7ABD59311AB392BB00559448 /* DMSpeedReadingLabel.h */ = {isa = PBXFileReference; fileEncoding = 4; lastKnownFileType = sourcecode.c.h; path = DMSpeedReadingLabel.h; sourceTree = "<group>"; };
		7ABD59321AB392BB00559448 /* DMSpeedReadingLabel.m */ = {isa = PBXFileReference; fileEncoding = 4; lastKnownFileType = sourcecode.c.objc; path = DMSpeedReadingLabel.m; sourceTree = "<group>"; };
/* End PBXFileReference section */

/* Begin PBXFrameworksBuildPhase section */
		7ABD59051AB391FB00559448 /* Frameworks */ = {
			isa = PBXFrameworksBuildPhase;
			buildActionMask = 2147483647;
			files = (
			);
			runOnlyForDeploymentPostprocessing = 0;
		};
		7ABD591E1AB391FB00559448 /* Frameworks */ = {
			isa = PBXFrameworksBuildPhase;
			buildActionMask = 2147483647;
			files = (
			);
			runOnlyForDeploymentPostprocessing = 0;
		};
/* End PBXFrameworksBuildPhase section */

/* Begin PBXGroup section */
		7ABD58FF1AB391FB00559448 = {
			isa = PBXGroup;
			children = (
				7ABD590A1AB391FB00559448 /* DMSpeedReadingLabelDemo */,
				7ABD59241AB391FB00559448 /* DMSpeedReadingLabelDemoTests */,
				7ABD59091AB391FB00559448 /* Products */,
			);
			sourceTree = "<group>";
		};
		7ABD59091AB391FB00559448 /* Products */ = {
			isa = PBXGroup;
			children = (
				7ABD59081AB391FB00559448 /* DMSpeedReadingLabelDemo.app */,
				7ABD59211AB391FB00559448 /* DMSpeedReadingLabelDemoTests.xctest */,
			);
			name = Products;
			sourceTree = "<group>";
		};
		7ABD590A1AB391FB00559448 /* DMSpeedReadingLabelDemo */ = {
			isa = PBXGroup;
			children = (
				7ABD59311AB392BB00559448 /* DMSpeedReadingLabel.h */,
				7ABD59321AB392BB00559448 /* DMSpeedReadingLabel.m */,
				7ABD590F1AB391FB00559448 /* AppDelegate.h */,
				7ABD59101AB391FB00559448 /* AppDelegate.m */,
				7ABD59121AB391FB00559448 /* ViewController.h */,
				7ABD59131AB391FB00559448 /* ViewController.m */,
				7ABD59151AB391FB00559448 /* Main.storyboard */,
				7ABD59181AB391FB00559448 /* Images.xcassets */,
				7ABD591A1AB391FB00559448 /* LaunchScreen.xib */,
				7ABD590B1AB391FB00559448 /* Supporting Files */,
			);
			path = DMSpeedReadingLabelDemo;
			sourceTree = "<group>";
		};
		7ABD590B1AB391FB00559448 /* Supporting Files */ = {
			isa = PBXGroup;
			children = (
				7ABD590C1AB391FB00559448 /* Info.plist */,
				7ABD590D1AB391FB00559448 /* main.m */,
			);
			name = "Supporting Files";
			sourceTree = "<group>";
		};
		7ABD59241AB391FB00559448 /* DMSpeedReadingLabelDemoTests */ = {
			isa = PBXGroup;
			children = (
				7ABD59271AB391FB00559448 /* DMSpeedReadingLabelDemoTests.m */,
				7ABD59251AB391FB00559448 /* Supporting Files */,
			);
			path = DMSpeedReadingLabelDemoTests;
			sourceTree = "<group>";
		};
		7ABD59251AB391FB00559448 /* Supporting Files */ = {
			isa = PBXGroup;
			children = (
				7ABD59261AB391FB00559448 /* Info.plist */,
			);
			name = "Supporting Files";
			sourceTree = "<group>";
		};
/* End PBXGroup section */

/* Begin PBXNativeTarget section */
		7ABD59071AB391FB00559448 /* DMSpeedReadingLabelDemo */ = {
			isa = PBXNativeTarget;
			buildConfigurationList = 7ABD592B1AB391FB00559448 /* Build configuration list for PBXNativeTarget "DMSpeedReadingLabelDemo" */;
			buildPhases = (
				7ABD59041AB391FB00559448 /* Sources */,
				7ABD59051AB391FB00559448 /* Frameworks */,
				7ABD59061AB391FB00559448 /* Resources */,
			);
			buildRules = (
			);
			dependencies = (
			);
			name = DMSpeedReadingLabelDemo;
			productName = DMSpeedReadingLabelDemo;
			productReference = 7ABD59081AB391FB00559448 /* DMSpeedReadingLabelDemo.app */;
			productType = "com.apple.product-type.application";
		};
		7ABD59201AB391FB00559448 /* DMSpeedReadingLabelDemoTests */ = {
			isa = PBXNativeTarget;
			buildConfigurationList = 7ABD592E1AB391FB00559448 /* Build configuration list for PBXNativeTarget "DMSpeedReadingLabelDemoTests" */;
			buildPhases = (
				7ABD591D1AB391FB00559448 /* Sources */,
				7ABD591E1AB391FB00559448 /* Frameworks */,
				7ABD591F1AB391FB00559448 /* Resources */,
			);
			buildRules = (
			);
			dependencies = (
				7ABD59231AB391FB00559448 /* PBXTargetDependency */,
			);
			name = DMSpeedReadingLabelDemoTests;
			productName = DMSpeedReadingLabelDemoTests;
			productReference = 7ABD59211AB391FB00559448 /* DMSpeedReadingLabelDemoTests.xctest */;
			productType = "com.apple.product-type.bundle.unit-test";
		};
/* End PBXNativeTarget section */

/* Begin PBXProject section */
		7ABD59001AB391FB00559448 /* Project object */ = {
			isa = PBXProject;
			attributes = {
				LastUpgradeCheck = 0620;
				ORGANIZATIONNAME = "Desmond McNamee";
				TargetAttributes = {
					7ABD59071AB391FB00559448 = {
						CreatedOnToolsVersion = 6.2;
					};
					7ABD59201AB391FB00559448 = {
						CreatedOnToolsVersion = 6.2;
						TestTargetID = 7ABD59071AB391FB00559448;
					};
				};
			};
			buildConfigurationList = 7ABD59031AB391FB00559448 /* Build configuration list for PBXProject "DMSpeedReadingLabelDemo" */;
			compatibilityVersion = "Xcode 3.2";
			developmentRegion = English;
			hasScannedForEncodings = 0;
			knownRegions = (
				en,
				Base,
			);
			mainGroup = 7ABD58FF1AB391FB00559448;
			productRefGroup = 7ABD59091AB391FB00559448 /* Products */;
			projectDirPath = "";
			projectRoot = "";
			targets = (
				7ABD59071AB391FB00559448 /* DMSpeedReadingLabelDemo */,
				7ABD59201AB391FB00559448 /* DMSpeedReadingLabelDemoTests */,
			);
		};
/* End PBXProject section */

/* Begin PBXResourcesBuildPhase section */
		7ABD59061AB391FB00559448 /* Resources */ = {
			isa = PBXResourcesBuildPhase;
			buildActionMask = 2147483647;
			files = (
				7ABD59171AB391FB00559448 /* Main.storyboard in Resources */,
				7ABD591C1AB391FB00559448 /* LaunchScreen.xib in Resources */,
				7ABD59191AB391FB00559448 /* Images.xcassets in Resources */,
			);
			runOnlyForDeploymentPostprocessing = 0;
		};
		7ABD591F1AB391FB00559448 /* Resources */ = {
			isa = PBXResourcesBuildPhase;
			buildActionMask = 2147483647;
			files = (
			);
			runOnlyForDeploymentPostprocessing = 0;
		};
/* End PBXResourcesBuildPhase section */

/* Begin PBXSourcesBuildPhase section */
		7ABD59041AB391FB00559448 /* Sources */ = {
			isa = PBXSourcesBuildPhase;
			buildActionMask = 2147483647;
			files = (
				7ABD59141AB391FB00559448 /* ViewController.m in Sources */,
				7ABD59111AB391FB00559448 /* AppDelegate.m in Sources */,
				7ABD590E1AB391FB00559448 /* main.m in Sources */,
				7ABD59331AB392BB00559448 /* DMSpeedReadingLabel.m in Sources */,
			);
			runOnlyForDeploymentPostprocessing = 0;
		};
		7ABD591D1AB391FB00559448 /* Sources */ = {
			isa = PBXSourcesBuildPhase;
			buildActionMask = 2147483647;
			files = (
				7ABD59281AB391FB00559448 /* DMSpeedReadingLabelDemoTests.m in Sources */,
			);
			runOnlyForDeploymentPostprocessing = 0;
		};
/* End PBXSourcesBuildPhase section */

/* Begin PBXTargetDependency section */
		7ABD59231AB391FB00559448 /* PBXTargetDependency */ = {
			isa = PBXTargetDependency;
			target = 7ABD59071AB391FB00559448 /* DMSpeedReadingLabelDemo */;
			targetProxy = 7ABD59221AB391FB00559448 /* PBXContainerItemProxy */;
		};
/* End PBXTargetDependency section */

/* Begin PBXVariantGroup section */
		7ABD59151AB391FB00559448 /* Main.storyboard */ = {
			isa = PBXVariantGroup;
			children = (
				7ABD59161AB391FB00559448 /* Base */,
			);
			name = Main.storyboard;
			sourceTree = "<group>";
		};
		7ABD591A1AB391FB00559448 /* LaunchScreen.xib */ = {
			isa = PBXVariantGroup;
			children = (
				7ABD591B1AB391FB00559448 /* Base */,
			);
			name = LaunchScreen.xib;
			sourceTree = "<group>";
		};
/* End PBXVariantGroup section */

/* Begin XCBuildConfiguration section */
		7ABD59291AB391FB00559448 /* Debug */ = {
			isa = XCBuildConfiguration;
			buildSettings = {
				ALWAYS_SEARCH_USER_PATHS = NO;
				CLANG_CXX_LANGUAGE_STANDARD = "gnu++0x";
				CLANG_CXX_LIBRARY = "libc++";
				CLANG_ENABLE_MODULES = YES;
				CLANG_ENABLE_OBJC_ARC = YES;
				CLANG_WARN_BOOL_CONVERSION = YES;
				CLANG_WARN_CONSTANT_CONVERSION = YES;
				CLANG_WARN_DIRECT_OBJC_ISA_USAGE = YES_ERROR;
				CLANG_WARN_EMPTY_BODY = YES;
				CLANG_WARN_ENUM_CONVERSION = YES;
				CLANG_WARN_INT_CONVERSION = YES;
				CLANG_WARN_OBJC_ROOT_CLASS = YES_ERROR;
				CLANG_WARN_UNREACHABLE_CODE = YES;
				CLANG_WARN__DUPLICATE_METHOD_MATCH = YES;
				"CODE_SIGN_IDENTITY[sdk=iphoneos*]" = "iPhone Developer";
				COPY_PHASE_STRIP = NO;
				ENABLE_STRICT_OBJC_MSGSEND = YES;
				GCC_C_LANGUAGE_STANDARD = gnu99;
				GCC_DYNAMIC_NO_PIC = NO;
				GCC_OPTIMIZATION_LEVEL = 0;
				GCC_PREPROCESSOR_DEFINITIONS = (
					"DEBUG=1",
					"$(inherited)",
				);
				GCC_SYMBOLS_PRIVATE_EXTERN = NO;
				GCC_WARN_64_TO_32_BIT_CONVERSION = YES;
				GCC_WARN_ABOUT_RETURN_TYPE = YES_ERROR;
				GCC_WARN_UNDECLARED_SELECTOR = YES;
				GCC_WARN_UNINITIALIZED_AUTOS = YES_AGGRESSIVE;
				GCC_WARN_UNUSED_FUNCTION = YES;
				GCC_WARN_UNUSED_VARIABLE = YES;
				IPHONEOS_DEPLOYMENT_TARGET = 8.2;
				MTL_ENABLE_DEBUG_INFO = YES;
				ONLY_ACTIVE_ARCH = YES;
				SDKROOT = iphoneos;
				TARGETED_DEVICE_FAMILY = "1,2";
			};
			name = Debug;
		};
		7ABD592A1AB391FB00559448 /* Release */ = {
			isa = XCBuildConfiguration;
			buildSettings = {
				ALWAYS_SEARCH_USER_PATHS = NO;
				CLANG_CXX_LANGUAGE_STANDARD = "gnu++0x";
				CLANG_CXX_LIBRARY = "libc++";
				CLANG_ENABLE_MODULES = YES;
				CLANG_ENABLE_OBJC_ARC = YES;
				CLANG_WARN_BOOL_CONVERSION = YES;
				CLANG_WARN_CONSTANT_CONVERSION = YES;
				CLANG_WARN_DIRECT_OBJC_ISA_USAGE = YES_ERROR;
				CLANG_WARN_EMPTY_BODY = YES;
				CLANG_WARN_ENUM_CONVERSION = YES;
				CLANG_WARN_INT_CONVERSION = YES;
				CLANG_WARN_OBJC_ROOT_CLASS = YES_ERROR;
				CLANG_WARN_UNREACHABLE_CODE = YES;
				CLANG_WARN__DUPLICATE_METHOD_MATCH = YES;
				"CODE_SIGN_IDENTITY[sdk=iphoneos*]" = "iPhone Developer";
				COPY_PHASE_STRIP = NO;
				ENABLE_NS_ASSERTIONS = NO;
				ENABLE_STRICT_OBJC_MSGSEND = YES;
				GCC_C_LANGUAGE_STANDARD = gnu99;
				GCC_WARN_64_TO_32_BIT_CONVERSION = YES;
				GCC_WARN_ABOUT_RETURN_TYPE = YES_ERROR;
				GCC_WARN_UNDECLARED_SELECTOR = YES;
				GCC_WARN_UNINITIALIZED_AUTOS = YES_AGGRESSIVE;
				GCC_WARN_UNUSED_FUNCTION = YES;
				GCC_WARN_UNUSED_VARIABLE = YES;
				IPHONEOS_DEPLOYMENT_TARGET = 8.2;
				MTL_ENABLE_DEBUG_INFO = NO;
				SDKROOT = iphoneos;
				TARGETED_DEVICE_FAMILY = "1,2";
				VALIDATE_PRODUCT = YES;
			};
			name = Release;
		};
		7ABD592C1AB391FB00559448 /* Debug */ = {
			isa = XCBuildConfiguration;
			buildSettings = {
				ASSETCATALOG_COMPILER_APPICON_NAME = AppIcon;
				INFOPLIST_FILE = DMSpeedReadingLabelDemo/Info.plist;
				LD_RUNPATH_SEARCH_PATHS = "$(inherited) @executable_path/Frameworks";
				PRODUCT_NAME = "$(TARGET_NAME)";
			};
			name = Debug;
		};
		7ABD592D1AB391FB00559448 /* Release */ = {
			isa = XCBuildConfiguration;
			buildSettings = {
				ASSETCATALOG_COMPILER_APPICON_NAME = AppIcon;
				INFOPLIST_FILE = DMSpeedReadingLabelDemo/Info.plist;
				LD_RUNPATH_SEARCH_PATHS = "$(inherited) @executable_path/Frameworks";
				PRODUCT_NAME = "$(TARGET_NAME)";
			};
			name = Release;
		};
		7ABD592F1AB391FB00559448 /* Debug */ = {
			isa = XCBuildConfiguration;
			buildSettings = {
				BUNDLE_LOADER = "$(TEST_HOST)";
				FRAMEWORK_SEARCH_PATHS = (
					"$(SDKROOT)/Developer/Library/Frameworks",
					"$(inherited)",
				);
				GCC_PREPROCESSOR_DEFINITIONS = (
					"DEBUG=1",
					"$(inherited)",
				);
				INFOPLIST_FILE = DMSpeedReadingLabelDemoTests/Info.plist;
				LD_RUNPATH_SEARCH_PATHS = "$(inherited) @executable_path/Frameworks @loader_path/Frameworks";
				PRODUCT_NAME = "$(TARGET_NAME)";
				TEST_HOST = "$(BUILT_PRODUCTS_DIR)/DMSpeedReadingLabelDemo.app/DMSpeedReadingLabelDemo";
			};
			name = Debug;
		};
		7ABD59301AB391FB00559448 /* Release */ = {
			isa = XCBuildConfiguration;
			buildSettings = {
				BUNDLE_LOADER = "$(TEST_HOST)";
				FRAMEWORK_SEARCH_PATHS = (
					"$(SDKROOT)/Developer/Library/Frameworks",
					"$(inherited)",
				);
				INFOPLIST_FILE = DMSpeedReadingLabelDemoTests/Info.plist;
				LD_RUNPATH_SEARCH_PATHS = "$(inherited) @executable_path/Frameworks @loader_path/Frameworks";
				PRODUCT_NAME = "$(TARGET_NAME)";
				TEST_HOST = "$(BUILT_PRODUCTS_DIR)/DMSpeedReadingLabelDemo.app/DMSpeedReadingLabelDemo";
			};
			name = Release;
		};
/* End XCBuildConfiguration section */

/* Begin XCConfigurationList section */
		7ABD59031AB391FB00559448 /* Build configuration list for PBXProject "DMSpeedReadingLabelDemo" */ = {
			isa = XCConfigurationList;
			buildConfigurations = (
				7ABD59291AB391FB00559448 /* Debug */,
				7ABD592A1AB391FB00559448 /* Release */,
			);
			defaultConfigurationIsVisible = 0;
			defaultConfigurationName = Release;
		};
		7ABD592B1AB391FB00559448 /* Build configuration list for PBXNativeTarget "DMSpeedReadingLabelDemo" */ = {
			isa = XCConfigurationList;
			buildConfigurations = (
				7ABD592C1AB391FB00559448 /* Debug */,
				7ABD592D1AB391FB00559448 /* Release */,
			);
			defaultConfigurationIsVisible = 0;
			defaultConfigurationName = Release;
		};
		7ABD592E1AB391FB00559448 /* Build configuration list for PBXNativeTarget "DMSpeedReadingLabelDemoTests" */ = {
			isa = XCConfigurationList;
			buildConfigurations = (
				7ABD592F1AB391FB00559448 /* Debug */,
				7ABD59301AB391FB00559448 /* Release */,
			);
			defaultConfigurationIsVisible = 0;
			defaultConfigurationName = Release;
		};
/* End XCConfigurationList section */
	};
	rootObject = 7ABD59001AB391FB00559448 /* Project object */;
}
